// !$*UTF8*$!
{
	archiveVersion = 1;
	classes = {
	};
	objectVersion = 46;
	objects = {

/* Begin PBXBuildFile section */
		8D5B49B0048680CD000E48DA /* InfoPlist.strings in Resources */ = {isa = PBXBuildFile; fileRef = 089C167DFE841241C02AAC07 /* InfoPlist.strings */; };
		8D5B49B4048680CD000E48DA /* Cocoa.framework in Frameworks */ = {isa = PBXBuildFile; fileRef = 1058C7ADFEA557BF11CA2CBB /* Cocoa.framework */; };
		B80FD426184E661F002833DA /* PluginManager.framework in Frameworks */ = {isa = PBXBuildFile; fileRef = B80FD425184E661F002833DA /* PluginManager.framework */; };
		B80FD429184E7777002833DA /* NSString+URLEncoding.m in Sources */ = {isa = PBXBuildFile; fileRef = B80FD428184E7777002833DA /* NSString+URLEncoding.m */; };
		B80FD42B184E8013002833DA /* api-keys.plist in Resources */ = {isa = PBXBuildFile; fileRef = B80FD42A184E8013002833DA /* api-keys.plist */; };
		B82E235116E81423006362F4 /* DataController.m in Sources */ = {isa = PBXBuildFile; fileRef = B82E235016E81423006362F4 /* DataController.m */; };
		B82E235B16E81496006362F4 /* NSDataAdditions.m in Sources */ = {isa = PBXBuildFile; fileRef = B82E235A16E81496006362F4 /* NSDataAdditions.m */; };
		B82E235D16E814DD006362F4 /* libz.dylib in Frameworks */ = {isa = PBXBuildFile; fileRef = B82E235C16E814DD006362F4 /* libz.dylib */; };
		B82E235F16E814FE006362F4 /* ApertureToBlip.nib in Resources */ = {isa = PBXBuildFile; fileRef = B82E235E16E814FE006362F4 /* ApertureToBlip.nib */; };
		B860F954184E64FC00FCFF6A /* API.m in Sources */ = {isa = PBXBuildFile; fileRef = B860F953184E64FC00FCFF6A /* API.m */; };
		D118EA660AC08CCB006DD2FE /* Localizable.strings in Resources */ = {isa = PBXBuildFile; fileRef = D118EA640AC08CCB006DD2FE /* Localizable.strings */; };
		D15DEA4F0ABF63C600CBE3A5 /* ApertureToBlip.m in Sources */ = {isa = PBXBuildFile; fileRef = D15DEA4D0ABF63C600CBE3A5 /* ApertureToBlip.m */; };
/* End PBXBuildFile section */

/* Begin PBXFileReference section */
		089C1672FE841209C02AAC07 /* Foundation.framework */ = {isa = PBXFileReference; lastKnownFileType = wrapper.framework; name = Foundation.framework; path = /System/Library/Frameworks/Foundation.framework; sourceTree = "<absolute>"; };
		089C167EFE841241C02AAC07 /* English */ = {isa = PBXFileReference; fileEncoding = 10; lastKnownFileType = text.plist.strings; name = English; path = English.lproj/InfoPlist.strings; sourceTree = "<group>"; };
		089C167FFE841241C02AAC07 /* AppKit.framework */ = {isa = PBXFileReference; lastKnownFileType = wrapper.framework; name = AppKit.framework; path = /System/Library/Frameworks/AppKit.framework; sourceTree = "<absolute>"; };
		1058C7ADFEA557BF11CA2CBB /* Cocoa.framework */ = {isa = PBXFileReference; lastKnownFileType = wrapper.framework; name = Cocoa.framework; path = /System/Library/Frameworks/Cocoa.framework; sourceTree = "<absolute>"; };
		287924200DAEAE630074992A /* ApertureExportManager.h */ = {isa = PBXFileReference; fileEncoding = 4; lastKnownFileType = sourcecode.c.h; path = ApertureExportManager.h; sourceTree = "<group>"; };
		287924210DAEAE630074992A /* ApertureExportPlugIn.h */ = {isa = PBXFileReference; fileEncoding = 4; lastKnownFileType = sourcecode.c.h; path = ApertureExportPlugIn.h; sourceTree = "<group>"; };
		287924220DAEAE630074992A /* ApertureSDKCommon.h */ = {isa = PBXFileReference; fileEncoding = 4; lastKnownFileType = sourcecode.c.h; path = ApertureSDKCommon.h; sourceTree = "<group>"; };
		32DBCF630370AF2F00C91783 /* ApertureToBlip_Prefix.pch */ = {isa = PBXFileReference; fileEncoding = 4; lastKnownFileType = sourcecode.c.h; path = ApertureToBlip_Prefix.pch; sourceTree = "<group>"; };
		8D5B49B7048680CD000E48DA /* Info.plist */ = {isa = PBXFileReference; fileEncoding = 4; lastKnownFileType = text.plist.xml; path = Info.plist; sourceTree = "<group>"; };
		B80FD425184E661F002833DA /* PluginManager.framework */ = {isa = PBXFileReference; lastKnownFileType = wrapper.framework; name = PluginManager.framework; path = ../../../../Frameworks/PluginManager.framework; sourceTree = "<group>"; };
		B80FD427184E7777002833DA /* NSString+URLEncoding.h */ = {isa = PBXFileReference; fileEncoding = 4; lastKnownFileType = sourcecode.c.h; path = "NSString+URLEncoding.h"; sourceTree = "<group>"; };
		B80FD428184E7777002833DA /* NSString+URLEncoding.m */ = {isa = PBXFileReference; fileEncoding = 4; lastKnownFileType = sourcecode.c.objc; path = "NSString+URLEncoding.m"; sourceTree = "<group>"; };
		B80FD42A184E8013002833DA /* api-keys.plist */ = {isa = PBXFileReference; fileEncoding = 4; lastKnownFileType = text.plist.xml; path = "api-keys.plist"; sourceTree = "<group>"; };
		B82E234F16E81423006362F4 /* DataController.h */ = {isa = PBXFileReference; fileEncoding = 4; lastKnownFileType = sourcecode.c.h; path = DataController.h; sourceTree = "<group>"; };
		B82E235016E81423006362F4 /* DataController.m */ = {isa = PBXFileReference; fileEncoding = 4; lastKnownFileType = sourcecode.c.objc; path = DataController.m; sourceTree = "<group>"; };
		B82E235916E81496006362F4 /* NSDataAdditions.h */ = {isa = PBXFileReference; fileEncoding = 4; lastKnownFileType = sourcecode.c.h; path = NSDataAdditions.h; sourceTree = "<group>"; };
		B82E235A16E81496006362F4 /* NSDataAdditions.m */ = {isa = PBXFileReference; fileEncoding = 4; lastKnownFileType = sourcecode.c.objc; path = NSDataAdditions.m; sourceTree = "<group>"; };
		B82E235C16E814DD006362F4 /* libz.dylib */ = {isa = PBXFileReference; lastKnownFileType = "compiled.mach-o.dylib"; name = libz.dylib; path = usr/lib/libz.dylib; sourceTree = SDKROOT; };
		B82E235E16E814FE006362F4 /* ApertureToBlip.nib */ = {isa = PBXFileReference; lastKnownFileType = wrapper.nib; path = ApertureToBlip.nib; sourceTree = "<group>"; };
		B860F952184E64FC00FCFF6A /* API.h */ = {isa = PBXFileReference; fileEncoding = 4; lastKnownFileType = sourcecode.c.h; path = API.h; sourceTree = "<group>"; };
		B860F953184E64FC00FCFF6A /* API.m */ = {isa = PBXFileReference; fileEncoding = 4; lastKnownFileType = sourcecode.c.objc; path = API.m; sourceTree = "<group>"; };
		D118EA650AC08CCB006DD2FE /* English */ = {isa = PBXFileReference; fileEncoding = 10; lastKnownFileType = text.plist.strings; name = English; path = English.lproj/Localizable.strings; sourceTree = "<group>"; };
		D118EB0F0AC08EAE006DD2FE /* ApertureToBlip.ApertureExport */ = {isa = PBXFileReference; explicitFileType = wrapper.cfbundle; includeInIndex = 0; path = ApertureToBlip.ApertureExport; sourceTree = BUILT_PRODUCTS_DIR; };
		D15DEA4D0ABF63C600CBE3A5 /* ApertureToBlip.m */ = {isa = PBXFileReference; fileEncoding = 30; lastKnownFileType = sourcecode.c.objc; path = ApertureToBlip.m; sourceTree = "<group>"; };
		D15DEA4E0ABF63C600CBE3A5 /* ApertureToBlip.h */ = {isa = PBXFileReference; fileEncoding = 30; lastKnownFileType = sourcecode.c.h; path = ApertureToBlip.h; sourceTree = "<group>"; };
		D2F7E65807B2D6F200F64583 /* CoreData.framework */ = {isa = PBXFileReference; lastKnownFileType = wrapper.framework; name = CoreData.framework; path = /System/Library/Frameworks/CoreData.framework; sourceTree = "<absolute>"; };
/* End PBXFileReference section */

/* Begin PBXFrameworksBuildPhase section */
		8D5B49B3048680CD000E48DA /* Frameworks */ = {
			isa = PBXFrameworksBuildPhase;
			buildActionMask = 2147483647;
			files = (
				B80FD426184E661F002833DA /* PluginManager.framework in Frameworks */,
				B82E235D16E814DD006362F4 /* libz.dylib in Frameworks */,
				8D5B49B4048680CD000E48DA /* Cocoa.framework in Frameworks */,
			);
			runOnlyForDeploymentPostprocessing = 0;
		};
/* End PBXFrameworksBuildPhase section */

/* Begin PBXGroup section */
		089C166AFE841209C02AAC07 /* MyApertureExportPlugIn */ = {
			isa = PBXGroup;
			children = (
				B80FD425184E661F002833DA /* PluginManager.framework */,
				2879241F0DAEAE630074992A /* ApertureHeaders */,
				08FB77AFFE84173DC02AAC07 /* Classes */,
				32C88E010371C26100C91783 /* Other Sources */,
				089C167CFE841241C02AAC07 /* Resources */,
				089C1671FE841209C02AAC07 /* Frameworks and Libraries */,
				D118EB1C0AC08EE7006DD2FE /* Products */,
			);
			name = MyApertureExportPlugIn;
			sourceTree = "<group>";
		};
		089C1671FE841209C02AAC07 /* Frameworks and Libraries */ = {
			isa = PBXGroup;
			children = (
				1058C7ACFEA557BF11CA2CBB /* Linked Frameworks */,
				1058C7AEFEA557BF11CA2CBB /* Other Frameworks */,
			);
			name = "Frameworks and Libraries";
			sourceTree = "<group>";
		};
		089C167CFE841241C02AAC07 /* Resources */ = {
			isa = PBXGroup;
			children = (
				B80FD42A184E8013002833DA /* api-keys.plist */,
				B82E235E16E814FE006362F4 /* ApertureToBlip.nib */,
				8D5B49B7048680CD000E48DA /* Info.plist */,
				D118EA640AC08CCB006DD2FE /* Localizable.strings */,
				089C167DFE841241C02AAC07 /* InfoPlist.strings */,
			);
			name = Resources;
			sourceTree = "<group>";
		};
		08FB77AFFE84173DC02AAC07 /* Classes */ = {
			isa = PBXGroup;
			children = (
				D15DEA4E0ABF63C600CBE3A5 /* ApertureToBlip.h */,
				D15DEA4D0ABF63C600CBE3A5 /* ApertureToBlip.m */,
				B82E234F16E81423006362F4 /* DataController.h */,
				B82E235016E81423006362F4 /* DataController.m */,
				B82E235916E81496006362F4 /* NSDataAdditions.h */,
				B82E235A16E81496006362F4 /* NSDataAdditions.m */,
				B860F952184E64FC00FCFF6A /* API.h */,
				B860F953184E64FC00FCFF6A /* API.m */,
				B80FD427184E7777002833DA /* NSString+URLEncoding.h */,
				B80FD428184E7777002833DA /* NSString+URLEncoding.m */,
			);
			name = Classes;
			sourceTree = "<group>";
		};
		1058C7ACFEA557BF11CA2CBB /* Linked Frameworks */ = {
			isa = PBXGroup;
			children = (
				B82E235C16E814DD006362F4 /* libz.dylib */,
				1058C7ADFEA557BF11CA2CBB /* Cocoa.framework */,
			);
			name = "Linked Frameworks";
			sourceTree = "<group>";
		};
		1058C7AEFEA557BF11CA2CBB /* Other Frameworks */ = {
			isa = PBXGroup;
			children = (
				089C167FFE841241C02AAC07 /* AppKit.framework */,
				D2F7E65807B2D6F200F64583 /* CoreData.framework */,
				089C1672FE841209C02AAC07 /* Foundation.framework */,
			);
			name = "Other Frameworks";
			sourceTree = "<group>";
		};
		2879241F0DAEAE630074992A /* ApertureHeaders */ = {
			isa = PBXGroup;
			children = (
				287924200DAEAE630074992A /* ApertureExportManager.h */,
				287924210DAEAE630074992A /* ApertureExportPlugIn.h */,
				287924220DAEAE630074992A /* ApertureSDKCommon.h */,
			);
			path = ApertureHeaders;
			sourceTree = "<group>";
		};
		32C88E010371C26100C91783 /* Other Sources */ = {
			isa = PBXGroup;
			children = (
				32DBCF630370AF2F00C91783 /* ApertureToBlip_Prefix.pch */,
			);
			name = "Other Sources";
			sourceTree = "<group>";
		};
		D118EB1C0AC08EE7006DD2FE /* Products */ = {
			isa = PBXGroup;
			children = (
				D118EB0F0AC08EAE006DD2FE /* ApertureToBlip.ApertureExport */,
			);
			name = Products;
			sourceTree = "<group>";
		};
/* End PBXGroup section */

/* Begin PBXNativeTarget section */
		8D5B49AC048680CD000E48DA /* ApertureToBlip */ = {
			isa = PBXNativeTarget;
			buildConfigurationList = 1DEB913A08733D840010E9CD /* Build configuration list for PBXNativeTarget "ApertureToBlip" */;
			buildPhases = (
				8D5B49AF048680CD000E48DA /* Resources */,
				8D5B49B1048680CD000E48DA /* Sources */,
				8D5B49B3048680CD000E48DA /* Frameworks */,
			);
			buildRules = (
			);
			dependencies = (
			);
			name = ApertureToBlip;
			productInstallPath = "$(HOME)/Library/Bundles";
			productName = MyApertureExportPlugIn;
			productReference = D118EB0F0AC08EAE006DD2FE /* ApertureToBlip.ApertureExport */;
			productType = "com.apple.product-type.bundle";
		};
/* End PBXNativeTarget section */

/* Begin PBXProject section */
		089C1669FE841209C02AAC07 /* Project object */ = {
			isa = PBXProject;
			attributes = {
				LastUpgradeCheck = 0500;
			};
			buildConfigurationList = 1DEB913E08733D840010E9CD /* Build configuration list for PBXProject "ApertureToBlip" */;
			compatibilityVersion = "Xcode 3.2";
			developmentRegion = English;
			hasScannedForEncodings = 1;
			knownRegions = (
				en,
			);
			mainGroup = 089C166AFE841209C02AAC07 /* MyApertureExportPlugIn */;
			productRefGroup = 089C166AFE841209C02AAC07 /* MyApertureExportPlugIn */;
			projectDirPath = "";
			projectRoot = "";
			targets = (
				8D5B49AC048680CD000E48DA /* ApertureToBlip */,
			);
		};
/* End PBXProject section */

/* Begin PBXResourcesBuildPhase section */
		8D5B49AF048680CD000E48DA /* Resources */ = {
			isa = PBXResourcesBuildPhase;
			buildActionMask = 2147483647;
			files = (
				8D5B49B0048680CD000E48DA /* InfoPlist.strings in Resources */,
				D118EA660AC08CCB006DD2FE /* Localizable.strings in Resources */,
				B82E235F16E814FE006362F4 /* ApertureToBlip.nib in Resources */,
				B80FD42B184E8013002833DA /* api-keys.plist in Resources */,
			);
			runOnlyForDeploymentPostprocessing = 0;
		};
/* End PBXResourcesBuildPhase section */

/* Begin PBXSourcesBuildPhase section */
		8D5B49B1048680CD000E48DA /* Sources */ = {
			isa = PBXSourcesBuildPhase;
			buildActionMask = 2147483647;
			files = (
				B80FD429184E7777002833DA /* NSString+URLEncoding.m in Sources */,
				B860F954184E64FC00FCFF6A /* API.m in Sources */,
				D15DEA4F0ABF63C600CBE3A5 /* ApertureToBlip.m in Sources */,
				B82E235116E81423006362F4 /* DataController.m in Sources */,
				B82E235B16E81496006362F4 /* NSDataAdditions.m in Sources */,
			);
			runOnlyForDeploymentPostprocessing = 0;
		};
/* End PBXSourcesBuildPhase section */

/* Begin PBXVariantGroup section */
		089C167DFE841241C02AAC07 /* InfoPlist.strings */ = {
			isa = PBXVariantGroup;
			children = (
				089C167EFE841241C02AAC07 /* English */,
			);
			name = InfoPlist.strings;
			sourceTree = "<group>";
		};
		D118EA640AC08CCB006DD2FE /* Localizable.strings */ = {
			isa = PBXVariantGroup;
			children = (
				D118EA650AC08CCB006DD2FE /* English */,
			);
			name = Localizable.strings;
			sourceTree = "<group>";
		};
/* End PBXVariantGroup section */

/* Begin XCBuildConfiguration section */
		1DEB913B08733D840010E9CD /* Debug */ = {
			isa = XCBuildConfiguration;
			buildSettings = {
				COMBINE_HIDPI_IMAGES = YES;
				COPY_PHASE_STRIP = NO;
				DEPLOYMENT_LOCATION = YES;
				DSTROOT = /;
				FRAMEWORK_SEARCH_PATHS = (
					"$(inherited)",
					"$(LOCAL_LIBRARY_DIR)/Frameworks",
				);
				GCC_DYNAMIC_NO_PIC = NO;
				GCC_MODEL_TUNING = G5;
				GCC_OPTIMIZATION_LEVEL = 0;
				GCC_PRECOMPILE_PREFIX_HEADER = YES;
				GCC_PREFIX_HEADER = ApertureToBlip_Prefix.pch;
				INFOPLIST_FILE = Info.plist;
				INSTALL_PATH = "$(HOME)/Library/Application Support/Aperture/Plug-Ins/Export/";
				LIBRARY_SEARCH_PATHS = (
					"$(inherited)",
					"$(LOCAL_LIBRARY_DIR)/Frameworks/PluginManager.framework/Versions/B",
				);
				PRODUCT_NAME = ApertureToBlip;
				WRAPPER_EXTENSION = ApertureExport;
				ZERO_LINK = YES;
			};
			name = Debug;
		};
		1DEB913C08733D840010E9CD /* Release */ = {
			isa = XCBuildConfiguration;
			buildSettings = {
				COMBINE_HIDPI_IMAGES = YES;
				DEPLOYMENT_LOCATION = YES;
				DSTROOT = /;
				FRAMEWORK_SEARCH_PATHS = (
					"$(inherited)",
					"$(LOCAL_LIBRARY_DIR)/Frameworks",
				);
				GCC_GENERATE_DEBUGGING_SYMBOLS = NO;
				GCC_MODEL_TUNING = G5;
				GCC_PRECOMPILE_PREFIX_HEADER = YES;
				GCC_PREFIX_HEADER = ApertureToBlip_Prefix.pch;
				INFOPLIST_FILE = Info.plist;
				INSTALL_PATH = "$(HOME)/Library/Application Support/Aperture/Plug-Ins/Export/";
				LIBRARY_SEARCH_PATHS = (
					"$(inherited)",
					"$(LOCAL_LIBRARY_DIR)/Frameworks/PluginManager.framework/Versions/B",
				);
				PRODUCT_NAME = ApertureToBlip;
				WRAPPER_EXTENSION = ApertureExport;
			};
			name = Release;
		};
		1DEB913F08733D840010E9CD /* Debug */ = {
			isa = XCBuildConfiguration;
			buildSettings = {
				CLANG_ENABLE_OBJC_ARC = YES;
				DEPLOYMENT_LOCATION = NO;
				DSTROOT = "";
				FRAMEWORK_SEARCH_PATHS = /Library/Frameworks/;
				GCC_WARN_ABOUT_RETURN_TYPE = YES;
				GCC_WARN_UNUSED_VARIABLE = YES;
				INSTALL_PATH = $HOME/;
				ONLY_ACTIVE_ARCH = YES;
				SDKROOT = macosx;
			};
			name = Debug;
		};
		1DEB914008733D840010E9CD /* Release */ = {
			isa = XCBuildConfiguration;
			buildSettings = {
				CLANG_ENABLE_OBJC_ARC = YES;
				DEPLOYMENT_LOCATION = NO;
				DSTROOT = "";
				FRAMEWORK_SEARCH_PATHS = /Library/Frameworks/;
				GCC_WARN_ABOUT_RETURN_TYPE = YES;
				GCC_WARN_UNUSED_VARIABLE = YES;
				INSTALL_PATH = $HOME/;
				SDKROOT = macosx;
			};
			name = Release;
		};
/* End XCBuildConfiguration section */

/* Begin XCConfigurationList section */
		1DEB913A08733D840010E9CD /* Build configuration list for PBXNativeTarget "ApertureToBlip" */ = {
			isa = XCConfigurationList;
			buildConfigurations = (
				1DEB913B08733D840010E9CD /* Debug */,
				1DEB913C08733D840010E9CD /* Release */,
			);
			defaultConfigurationIsVisible = 0;
			defaultConfigurationName = Release;
		};
		1DEB913E08733D840010E9CD /* Build configuration list for PBXProject "ApertureToBlip" */ = {
			isa = XCConfigurationList;
			buildConfigurations = (
				1DEB913F08733D840010E9CD /* Debug */,
				1DEB914008733D840010E9CD /* Release */,
			);
			defaultConfigurationIsVisible = 0;
			defaultConfigurationName = Release;
		};
/* End XCConfigurationList section */
	};
	rootObject = 089C1669FE841209C02AAC07 /* Project object */;
}
